
Microsoft Visual Studio Solution File, Format Version 12.00
# Visual Studio Version 17
VisualStudioVersion = 17.10.34902.84
MinimumVisualStudioVersion = 10.0.40219.1
Project("{FAE04EC0-301F-11D3-BF4B-00C04F79EFBC}") = "NaughtsAndCrossesGenerator", "NaughtsAndCrossesGenerator\NaughtsAndCrossesGenerator.csproj", "{7ABD8DD2-5251-4A63-88F5-4E11A42E62EB}"
EndProject
Global
	GlobalSection(SolutionConfigurationPlatforms) = preSolution
		Debug|Any CPU = Debug|Any CPU
		Release|Any CPU = Release|Any CPU
	EndGlobalSection
	GlobalSection(ProjectConfigurationPlatforms) = postSolution
		{7ABD8DD2-5251-4A63-88F5-4E11A42E62EB}.Debug|Any CPU.ActiveCfg = Debug|Any CPU
		{7ABD8DD2-5251-4A63-88F5-4E11A42E62EB}.Debug|Any CPU.Build.0 = Debug|Any CPU
		{7ABD8DD2-5251-4A63-88F5-4E11A42E62EB}.Release|Any CPU.ActiveCfg = Release|Any CPU
		{7ABD8DD2-5251-4A63-88F5-4E11A42E62EB}.Release|Any CPU.Build.0 = Release|Any CPU
	EndGlobalSection
	GlobalSection(SolutionProperties) = preSolution
		HideSolutionNode = FALSE
	EndGlobalSection
	GlobalSection(ExtensibilityGlobals) = postSolution
		SolutionGuid = {FC941055-5AE4-4362-B5DD-767574A8F505}
	EndGlobalSection
EndGlobal
